// !$*UTF8*$!
{
	archiveVersion = 1;
	classes = {
	};
	objectVersion = 46;
	objects = {

/* Begin PBXBuildFile section */
		A345A07E1A966EB700018842 /* main.m in Sources */ = {isa = PBXBuildFile; fileRef = A345A07D1A966EB700018842 /* main.m */; };
		A345A0811A966EB700018842 /* AppDelegate.m in Sources */ = {isa = PBXBuildFile; fileRef = A345A0801A966EB700018842 /* AppDelegate.m */; };
		A345A0831A966EB700018842 /* Images.xcassets in Resources */ = {isa = PBXBuildFile; fileRef = A345A0821A966EB700018842 /* Images.xcassets */; };
		A345A0861A966EB700018842 /* LaunchScreen.xib in Resources */ = {isa = PBXBuildFile; fileRef = A345A0841A966EB700018842 /* LaunchScreen.xib */; };
		A345A0921A966EB700018842 /* RESAssignment3Tests.m in Sources */ = {isa = PBXBuildFile; fileRef = A345A0911A966EB700018842 /* RESAssignment3Tests.m */; };
		A345A09E1A966EE700018842 /* ViewController.m in Sources */ = {isa = PBXBuildFile; fileRef = A345A09C1A966EE700018842 /* ViewController.m */; };
		A345A09F1A966EE700018842 /* ViewController.xib in Resources */ = {isa = PBXBuildFile; fileRef = A345A09D1A966EE700018842 /* ViewController.xib */; };
/* End PBXBuildFile section */

/* Begin PBXContainerItemProxy section */
		A345A08C1A966EB700018842 /* PBXContainerItemProxy */ = {
			isa = PBXContainerItemProxy;
			containerPortal = A345A0701A966EB700018842 /* Project object */;
			proxyType = 1;
			remoteGlobalIDString = A345A0771A966EB700018842;
			remoteInfo = RESAssignment3;
		};
/* End PBXContainerItemProxy section */

/* Begin PBXFileReference section */
		A345A0781A966EB700018842 /* RESAssignment3.app */ = {isa = PBXFileReference; explicitFileType = wrapper.application; includeInIndex = 0; path = RESAssignment3.app; sourceTree = BUILT_PRODUCTS_DIR; };
		A345A07C1A966EB700018842 /* Info.plist */ = {isa = PBXFileReference; lastKnownFileType = text.plist.xml; path = Info.plist; sourceTree = "<group>"; };
		A345A07D1A966EB700018842 /* main.m */ = {isa = PBXFileReference; lastKnownFileType = sourcecode.c.objc; path = main.m; sourceTree = "<group>"; };
		A345A07F1A966EB700018842 /* AppDelegate.h */ = {isa = PBXFileReference; lastKnownFileType = sourcecode.c.h; path = AppDelegate.h; sourceTree = "<group>"; };
		A345A0801A966EB700018842 /* AppDelegate.m */ = {isa = PBXFileReference; lastKnownFileType = sourcecode.c.objc; path = AppDelegate.m; sourceTree = "<group>"; };
		A345A0821A966EB700018842 /* Images.xcassets */ = {isa = PBXFileReference; lastKnownFileType = folder.assetcatalog; path = Images.xcassets; sourceTree = "<group>"; };
		A345A0851A966EB700018842 /* Base */ = {isa = PBXFileReference; lastKnownFileType = file.xib; name = Base; path = Base.lproj/LaunchScreen.xib; sourceTree = "<group>"; };
		A345A08B1A966EB700018842 /* RESAssignment3Tests.xctest */ = {isa = PBXFileReference; explicitFileType = wrapper.cfbundle; includeInIndex = 0; path = RESAssignment3Tests.xctest; sourceTree = BUILT_PRODUCTS_DIR; };
		A345A0901A966EB700018842 /* Info.plist */ = {isa = PBXFileReference; lastKnownFileType = text.plist.xml; path = Info.plist; sourceTree = "<group>"; };
		A345A0911A966EB700018842 /* RESAssignment3Tests.m */ = {isa = PBXFileReference; lastKnownFileType = sourcecode.c.objc; path = RESAssignment3Tests.m; sourceTree = "<group>"; };
		A345A09B1A966EE700018842 /* ViewController.h */ = {isa = PBXFileReference; fileEncoding = 4; lastKnownFileType = sourcecode.c.h; name = ViewController.h; path = "../../../../../Desktop/RESAssignment3-master/ViewController.h"; sourceTree = "<group>"; };
		A345A09C1A966EE700018842 /* ViewController.m */ = {isa = PBXFileReference; fileEncoding = 4; lastKnownFileType = sourcecode.c.objc; name = ViewController.m; path = "../../../../../Desktop/RESAssignment3-master/ViewController.m"; sourceTree = "<group>"; };
		A345A09D1A966EE700018842 /* ViewController.xib */ = {isa = PBXFileReference; fileEncoding = 4; lastKnownFileType = file.xib; name = ViewController.xib; path = "../../../../../Desktop/RESAssignment3-master/ViewController.xib"; sourceTree = "<group>"; };
/* End PBXFileReference section */

/* Begin PBXFrameworksBuildPhase section */
		A345A0751A966EB700018842 /* Frameworks */ = {
			isa = PBXFrameworksBuildPhase;
			buildActionMask = 2147483647;
			files = (
			);
			runOnlyForDeploymentPostprocessing = 0;
		};
		A345A0881A966EB700018842 /* Frameworks */ = {
			isa = PBXFrameworksBuildPhase;
			buildActionMask = 2147483647;
			files = (
			);
			runOnlyForDeploymentPostprocessing = 0;
		};
/* End PBXFrameworksBuildPhase section */

/* Begin PBXGroup section */
		A345A06F1A966EB700018842 = {
			isa = PBXGroup;
			children = (
				A345A07A1A966EB700018842 /* RESAssignment3 */,
				A345A08E1A966EB700018842 /* RESAssignment3Tests */,
				A345A0791A966EB700018842 /* Products */,
			);
			sourceTree = "<group>";
		};
		A345A0791A966EB700018842 /* Products */ = {
			isa = PBXGroup;
			children = (
				A345A0781A966EB700018842 /* RESAssignment3.app */,
				A345A08B1A966EB700018842 /* RESAssignment3Tests.xctest */,
			);
			name = Products;
			sourceTree = "<group>";
		};
		A345A07A1A966EB700018842 /* RESAssignment3 */ = {
			isa = PBXGroup;
			children = (
				A345A07F1A966EB700018842 /* AppDelegate.h */,
				A345A0801A966EB700018842 /* AppDelegate.m */,
				A345A09B1A966EE700018842 /* ViewController.h */,
				A345A09C1A966EE700018842 /* ViewController.m */,
				A345A09D1A966EE700018842 /* ViewController.xib */,
				A345A0821A966EB700018842 /* Images.xcassets */,
				A345A0841A966EB700018842 /* LaunchScreen.xib */,
				A345A07B1A966EB700018842 /* Supporting Files */,
			);
			path = RESAssignment3;
			sourceTree = "<group>";
		};
		A345A07B1A966EB700018842 /* Supporting Files */ = {
			isa = PBXGroup;
			children = (
				A345A07C1A966EB700018842 /* Info.plist */,
				A345A07D1A966EB700018842 /* main.m */,
			);
			name = "Supporting Files";
			sourceTree = "<group>";
		};
		A345A08E1A966EB700018842 /* RESAssignment3Tests */ = {
			isa = PBXGroup;
			children = (
				A345A0911A966EB700018842 /* RESAssignment3Tests.m */,
				A345A08F1A966EB700018842 /* Supporting Files */,
			);
			path = RESAssignment3Tests;
			sourceTree = "<group>";
		};
		A345A08F1A966EB700018842 /* Supporting Files */ = {
			isa = PBXGroup;
			children = (
				A345A0901A966EB700018842 /* Info.plist */,
			);
			name = "Supporting Files";
			sourceTree = "<group>";
		};
/* End PBXGroup section */

/* Begin PBXNativeTarget section */
		A345A0771A966EB700018842 /* RESAssignment3 */ = {
			isa = PBXNativeTarget;
			buildConfigurationList = A345A0951A966EB700018842 /* Build configuration list for PBXNativeTarget "RESAssignment3" */;
			buildPhases = (
				A345A0741A966EB700018842 /* Sources */,
				A345A0751A966EB700018842 /* Frameworks */,
				A345A0761A966EB700018842 /* Resources */,
			);
			buildRules = (
			);
			dependencies = (
			);
			name = RESAssignment3;
			productName = RESAssignment3;
			productReference = A345A0781A966EB700018842 /* RESAssignment3.app */;
			productType = "com.apple.product-type.application";
		};
		A345A08A1A966EB700018842 /* RESAssignment3Tests */ = {
			isa = PBXNativeTarget;
			buildConfigurationList = A345A0981A966EB700018842 /* Build configuration list for PBXNativeTarget "RESAssignment3Tests" */;
			buildPhases = (
				A345A0871A966EB700018842 /* Sources */,
				A345A0881A966EB700018842 /* Frameworks */,
				A345A0891A966EB700018842 /* Resources */,
			);
			buildRules = (
			);
			dependencies = (
				A345A08D1A966EB700018842 /* PBXTargetDependency */,
			);
			name = RESAssignment3Tests;
			productName = RESAssignment3Tests;
			productReference = A345A08B1A966EB700018842 /* RESAssignment3Tests.xctest */;
			productType = "com.apple.product-type.bundle.unit-test";
		};
/* End PBXNativeTarget section */

/* Begin PBXProject section */
		A345A0701A966EB700018842 /* Project object */ = {
			isa = PBXProject;
			attributes = {
				LastUpgradeCheck = 0610;
				ORGANIZATIONNAME = "Robert Slatkin";
				TargetAttributes = {
					A345A0771A966EB700018842 = {
						CreatedOnToolsVersion = 6.1.1;
					};
					A345A08A1A966EB700018842 = {
						CreatedOnToolsVersion = 6.1.1;
						TestTargetID = A345A0771A966EB700018842;
					};
				};
			};
			buildConfigurationList = A345A0731A966EB700018842 /* Build configuration list for PBXProject "RESAssignment3" */;
			compatibilityVersion = "Xcode 3.2";
			developmentRegion = English;
			hasScannedForEncodings = 0;
			knownRegions = (
				en,
				Base,
			);
			mainGroup = A345A06F1A966EB700018842;
			productRefGroup = A345A0791A966EB700018842 /* Products */;
			projectDirPath = "";
			projectRoot = "";
			targets = (
				A345A0771A966EB700018842 /* RESAssignment3 */,
				A345A08A1A966EB700018842 /* RESAssignment3Tests */,
			);
		};
/* End PBXProject section */

/* Begin PBXResourcesBuildPhase section */
		A345A0761A966EB700018842 /* Resources */ = {
			isa = PBXResourcesBuildPhase;
			buildActionMask = 2147483647;
			files = (
				A345A0861A966EB700018842 /* LaunchScreen.xib in Resources */,
				A345A09F1A966EE700018842 /* ViewController.xib in Resources */,
				A345A0831A966EB700018842 /* Images.xcassets in Resources */,
			);
			runOnlyForDeploymentPostprocessing = 0;
		};
		A345A0891A966EB700018842 /* Resources */ = {
			isa = PBXResourcesBuildPhase;
			buildActionMask = 2147483647;
			files = (
			);
			runOnlyForDeploymentPostprocessing = 0;
		};
/* End PBXResourcesBuildPhase section */

/* Begin PBXSourcesBuildPhase section */
		A345A0741A966EB700018842 /* Sources */ = {
			isa = PBXSourcesBuildPhase;
			buildActionMask = 2147483647;
			files = (
				A345A09E1A966EE700018842 /* ViewController.m in Sources */,
				A345A0811A966EB700018842 /* AppDelegate.m in Sources */,
				A345A07E1A966EB700018842 /* main.m in Sources */,
			);
			runOnlyForDeploymentPostprocessing = 0;
		};
		A345A0871A966EB700018842 /* Sources */ = {
			isa = PBXSourcesBuildPhase;
			buildActionMask = 2147483647;
			files = (
				A345A0921A966EB700018842 /* RESAssignment3Tests.m in Sources */,
			);
			runOnlyForDeploymentPostprocessing = 0;
		};
/* End PBXSourcesBuildPhase section */

/* Begin PBXTargetDependency section */
		A345A08D1A966EB700018842 /* PBXTargetDependency */ = {
			isa = PBXTargetDependency;
			target = A345A0771A966EB700018842 /* RESAssignment3 */;
			targetProxy = A345A08C1A966EB700018842 /* PBXContainerItemProxy */;
		};
/* End PBXTargetDependency section */

/* Begin PBXVariantGroup section */
		A345A0841A966EB700018842 /* LaunchScreen.xib */ = {
			isa = PBXVariantGroup;
			children = (
				A345A0851A966EB700018842 /* Base */,
			);
			name = LaunchScreen.xib;
			sourceTree = "<group>";
		};
/* End PBXVariantGroup section */

/* Begin XCBuildConfiguration section */
		A345A0931A966EB700018842 /* Debug */ = {
			isa = XCBuildConfiguration;
			buildSettings = {
				ALWAYS_SEARCH_USER_PATHS = NO;
				CLANG_CXX_LANGUAGE_STANDARD = "gnu++0x";
				CLANG_CXX_LIBRARY = "libc++";
				CLANG_ENABLE_MODULES = YES;
				CLANG_ENABLE_OBJC_ARC = YES;
				CLANG_WARN_BOOL_CONVERSION = YES;
				CLANG_WARN_CONSTANT_CONVERSION = YES;
				CLANG_WARN_DIRECT_OBJC_ISA_USAGE = YES_ERROR;
				CLANG_WARN_EMPTY_BODY = YES;
				CLANG_WARN_ENUM_CONVERSION = YES;
				CLANG_WARN_INT_CONVERSION = YES;
				CLANG_WARN_OBJC_ROOT_CLASS = YES_ERROR;
				CLANG_WARN_UNREACHABLE_CODE = YES;
				CLANG_WARN__DUPLICATE_METHOD_MATCH = YES;
				"CODE_SIGN_IDENTITY[sdk=iphoneos*]" = "iPhone Developer";
				COPY_PHASE_STRIP = NO;
				ENABLE_STRICT_OBJC_MSGSEND = YES;
				GCC_C_LANGUAGE_STANDARD = gnu99;
				GCC_DYNAMIC_NO_PIC = NO;
				GCC_OPTIMIZATION_LEVEL = 0;
				GCC_PREPROCESSOR_DEFINITIONS = (
					"DEBUG=1",
					"$(inherited)",
				);
				GCC_SYMBOLS_PRIVATE_EXTERN = NO;
				GCC_WARN_64_TO_32_BIT_CONVERSION = YES;
				GCC_WARN_ABOUT_RETURN_TYPE = YES_ERROR;
				GCC_WARN_UNDECLARED_SELECTOR = YES;
				GCC_WARN_UNINITIALIZED_AUTOS = YES_AGGRESSIVE;
				GCC_WARN_UNUSED_FUNCTION = YES;
				GCC_WARN_UNUSED_VARIABLE = YES;
				IPHONEOS_DEPLOYMENT_TARGET = 8.1;
				MTL_ENABLE_DEBUG_INFO = YES;
				ONLY_ACTIVE_ARCH = YES;
				SDKROOT = iphoneos;
			};
			name = Debug;
		};
		A345A0941A966EB700018842 /* Release */ = {
			isa = XCBuildConfiguration;
			buildSettings = {
				ALWAYS_SEARCH_USER_PATHS = NO;
				CLANG_CXX_LANGUAGE_STANDARD = "gnu++0x";
				CLANG_CXX_LIBRARY = "libc++";
				CLANG_ENABLE_MODULES = YES;
				CLANG_ENABLE_OBJC_ARC = YES;
				CLANG_WARN_BOOL_CONVERSION = YES;
				CLANG_WARN_CONSTANT_CONVERSION = YES;
				CLANG_WARN_DIRECT_OBJC_ISA_USAGE = YES_ERROR;
				CLANG_WARN_EMPTY_BODY = YES;
				CLANG_WARN_ENUM_CONVERSION = YES;
				CLANG_WARN_INT_CONVERSION = YES;
				CLANG_WARN_OBJC_ROOT_CLASS = YES_ERROR;
				CLANG_WARN_UNREACHABLE_CODE = YES;
				CLANG_WARN__DUPLICATE_METHOD_MATCH = YES;
				"CODE_SIGN_IDENTITY[sdk=iphoneos*]" = "iPhone Developer";
				COPY_PHASE_STRIP = YES;
				ENABLE_NS_ASSERTIONS = NO;
				ENABLE_STRICT_OBJC_MSGSEND = YES;
				GCC_C_LANGUAGE_STANDARD = gnu99;
				GCC_WARN_64_TO_32_BIT_CONVERSION = YES;
				GCC_WARN_ABOUT_RETURN_TYPE = YES_ERROR;
				GCC_WARN_UNDECLARED_SELECTOR = YES;
				GCC_WARN_UNINITIALIZED_AUTOS = YES_AGGRESSIVE;
				GCC_WARN_UNUSED_FUNCTION = YES;
				GCC_WARN_UNUSED_VARIABLE = YES;
				IPHONEOS_DEPLOYMENT_TARGET = 8.1;
				MTL_ENABLE_DEBUG_INFO = NO;
				SDKROOT = iphoneos;
				VALIDATE_PRODUCT = YES;
			};
			name = Release;
		};
		A345A0961A966EB700018842 /* Debug */ = {
			isa = XCBuildConfiguration;
			buildSettings = {
				ASSETCATALOG_COMPILER_APPICON_NAME = AppIcon;
				INFOPLIST_FILE = RESAssignment3/Info.plist;
				LD_RUNPATH_SEARCH_PATHS = "$(inherited) @executable_path/Frameworks";
				PRODUCT_NAME = "$(TARGET_NAME)";
			};
			name = Debug;
		};
		A345A0971A966EB700018842 /* Release */ = {
			isa = XCBuildConfiguration;
			buildSettings = {
				ASSETCATALOG_COMPILER_APPICON_NAME = AppIcon;
				INFOPLIST_FILE = RESAssignment3/Info.plist;
				LD_RUNPATH_SEARCH_PATHS = "$(inherited) @executable_path/Frameworks";
				PRODUCT_NAME = "$(TARGET_NAME)";
			};
			name = Release;
		};
		A345A0991A966EB700018842 /* Debug */ = {
			isa = XCBuildConfiguration;
			buildSettings = {
				BUNDLE_LOADER = "$(TEST_HOST)";
				FRAMEWORK_SEARCH_PATHS = (
					"$(SDKROOT)/Developer/Library/Frameworks",
					"$(inherited)",
				);
				GCC_PREPROCESSOR_DEFINITIONS = (
					"DEBUG=1",
					"$(inherited)",
				);
				INFOPLIST_FILE = RESAssignment3Tests/Info.plist;
				LD_RUNPATH_SEARCH_PATHS = "$(inherited) @executable_path/Frameworks @loader_path/Frameworks";
				PRODUCT_NAME = "$(TARGET_NAME)";
				TEST_HOST = "$(BUILT_PRODUCTS_DIR)/RESAssignment3.app/RESAssignment3";
			};
			name = Debug;
		};
		A345A09A1A966EB700018842 /* Release */ = {
			isa = XCBuildConfiguration;
			buildSettings = {
				BUNDLE_LOADER = "$(TEST_HOST)";
				FRAMEWORK_SEARCH_PATHS = (
					"$(SDKROOT)/Developer/Library/Frameworks",
					"$(inherited)",
				);
				INFOPLIST_FILE = RESAssignment3Tests/Info.plist;
				LD_RUNPATH_SEARCH_PATHS = "$(inherited) @executable_path/Frameworks @loader_path/Frameworks";
				PRODUCT_NAME = "$(TARGET_NAME)";
				TEST_HOST = "$(BUILT_PRODUCTS_DIR)/RESAssignment3.app/RESAssignment3";
			};
			name = Release;
		};
/* End XCBuildConfiguration section */

/* Begin XCConfigurationList section */
		A345A0731A966EB700018842 /* Build configuration list for PBXProject "RESAssignment3" */ = {
			isa = XCConfigurationList;
			buildConfigurations = (
				A345A0931A966EB700018842 /* Debug */,
				A345A0941A966EB700018842 /* Release */,
			);
			defaultConfigurationIsVisible = 0;
			defaultConfigurationName = Release;
		};
		A345A0951A966EB700018842 /* Build configuration list for PBXNativeTarget "RESAssignment3" */ = {
			isa = XCConfigurationList;
			buildConfigurations = (
				A345A0961A966EB700018842 /* Debug */,
				A345A0971A966EB700018842 /* Release */,
			);
			defaultConfigurationIsVisible = 0;
		};
		A345A0981A966EB700018842 /* Build configuration list for PBXNativeTarget "RESAssignment3Tests" */ = {
			isa = XCConfigurationList;
			buildConfigurations = (
				A345A0991A966EB700018842 /* Debug */,
				A345A09A1A966EB700018842 /* Release */,
			);
			defaultConfigurationIsVisible = 0;
		};
/* End XCConfigurationList section */
	};
	rootObject = A345A0701A966EB700018842 /* Project object */;
}
